{
  "name": "shaun-fox-photos",
  "version": "1.0.0",
  "lockfileVersion": 1,
  "requires": true,
  "dependencies": {
    "bricks.js": {
      "version": "1.8.0",
      "resolved": "https://registry.npmjs.org/bricks.js/-/bricks.js-1.8.0.tgz",
      "integrity": "sha1-j96zwCJq8lH01XJ6fff5rACStLI=",
      "requires": {
        "knot.js": "1.1.5"
      }
    },
    "desandro-matches-selector": {
      "version": "2.0.2",
      "resolved": "https://registry.npmjs.org/desandro-matches-selector/-/desandro-matches-selector-2.0.2.tgz",
      "integrity": "sha1-cXvu1NwT59jzdi9wem1YpndCGOE="
    },
    "ev-emitter": {
      "version": "1.1.1",
      "resolved": "https://registry.npmjs.org/ev-emitter/-/ev-emitter-1.1.1.tgz",
      "integrity": "sha512-ipiDYhdQSCZ4hSbX4rMW+XzNKMD1prg/sTvoVmSLkuQ1MVlwjJQQA+sW8tMYR3BLUr9KjodFV4pvzunvRhd33Q=="
    },
    "fizzy-ui-utils": {
      "version": "2.0.5",
      "resolved": "https://registry.npmjs.org/fizzy-ui-utils/-/fizzy-ui-utils-2.0.5.tgz",
      "integrity": "sha1-1y3rx00snSctvLt7ABcHiX9sMhA=",
      "requires": {
        "desandro-matches-selector": "2.0.2"
      }
    },
    "get-size": {
      "version": "2.0.2",
      "resolved": "https://registry.npmjs.org/get-size/-/get-size-2.0.2.tgz",
      "integrity": "sha1-VV6pirhzLgwCHp4j4iGa3L45jpg="
    },
    "knot.js": {
      "version": "1.1.5",
      "resolved": "https://registry.npmjs.org/knot.js/-/knot.js-1.1.5.tgz",
      "integrity": "sha1-KOclIvcD9Q/piBL94iTdcnKP710="
    },
    "masonry-layout": {
      "version": "4.2.0",
      "resolved": "https://registry.npmjs.org/masonry-layout/-/masonry-layout-4.2.0.tgz",
      "integrity": "sha1-Q4Nca24Ncu/ywxoRjIAAzMxKuWU=",
      "requires": {
        "get-size": "2.0.2",
        "outlayer": "2.1.1"
      }
    },
    "outlayer": {
      "version": "2.1.1",
      "resolved": "https://registry.npmjs.org/outlayer/-/outlayer-2.1.1.tgz",
      "integrity": "sha1-KYY7beEOpdrf/8rfoNcokHOH6aI=",
      "requires": {
        "ev-emitter": "1.1.1",
        "fizzy-ui-utils": "2.0.5",
        "get-size": "2.0.2"
      }
    }
  }
}
